
Microsoft Visual Studio Solution File, Format Version 12.00
# Visual Studio Version 16
VisualStudioVersion = 16.0.31702.278
MinimumVisualStudioVersion = 10.0.40219.1
Project("{FAE04EC0-301F-11D3-BF4B-00C04F79EFBC}") = "Trythis", "Trythis\Trythis.csproj", "{06529DEB-959B-4BE1-87DB-56B43ED0D1AA}"
EndProject
Global
	GlobalSection(SolutionConfigurationPlatforms) = preSolution
		Debug|Any CPU = Debug|Any CPU
		Release|Any CPU = Release|Any CPU
	EndGlobalSection
	GlobalSection(ProjectConfigurationPlatforms) = postSolution
		{06529DEB-959B-4BE1-87DB-56B43ED0D1AA}.Debug|Any CPU.ActiveCfg = Debug|Any CPU
		{06529DEB-959B-4BE1-87DB-56B43ED0D1AA}.Debug|Any CPU.Build.0 = Debug|Any CPU
		{06529DEB-959B-4BE1-87DB-56B43ED0D1AA}.Release|Any CPU.ActiveCfg = Release|Any CPU
		{06529DEB-959B-4BE1-87DB-56B43ED0D1AA}.Release|Any CPU.Build.0 = Release|Any CPU
	EndGlobalSection
	GlobalSection(SolutionProperties) = preSolution
		HideSolutionNode = FALSE
	EndGlobalSection
	GlobalSection(ExtensibilityGlobals) = postSolution
		SolutionGuid = {F45CC841-935C-47D5-9390-94C8448ED19A}
	EndGlobalSection
EndGlobal
